// !$*UTF8*$!
{
	archiveVersion = 1;
	classes = {
	};
	objectVersion = 46;
	objects = {

/* Begin PBXBuildFile section */
		EE1C47E91F92AADB0037773D /* TMBPush.h in Headers */ = {isa = PBXBuildFile; fileRef = EE1C47E71F92AADB0037773D /* TMBPush.h */; settings = {ATTRIBUTES = (Public, ); }; };
		EE1C47EA1F92AADB0037773D /* TMBPush.m in Sources */ = {isa = PBXBuildFile; fileRef = EE1C47E81F92AADB0037773D /* TMBPush.m */; };
		EE1C47EB1F92AADB0037773D /* TMBPush.m in Sources */ = {isa = PBXBuildFile; fileRef = EE1C47E81F92AADB0037773D /* TMBPush.m */; };
		EE1C47EF1F92ADB00037773D /* TMBPushMessage.h in Headers */ = {isa = PBXBuildFile; fileRef = EE1C47ED1F92ADB00037773D /* TMBPushMessage.h */; settings = {ATTRIBUTES = (Public, ); }; };
		EE1C47F01F92ADB00037773D /* TMBPushMessage.m in Sources */ = {isa = PBXBuildFile; fileRef = EE1C47EE1F92ADB00037773D /* TMBPushMessage.m */; };
		EE1C47F11F92ADB00037773D /* TMBPushMessage.m in Sources */ = {isa = PBXBuildFile; fileRef = EE1C47EE1F92ADB00037773D /* TMBPushMessage.m */; };
		EE1C47F51F9443CD0037773D /* TMBUtils.h in Headers */ = {isa = PBXBuildFile; fileRef = EE1C47F31F9443CD0037773D /* TMBUtils.h */; settings = {ATTRIBUTES = (Public, ); }; };
		EE1C47F61F9443CD0037773D /* TMBUtils.m in Sources */ = {isa = PBXBuildFile; fileRef = EE1C47F41F9443CD0037773D /* TMBUtils.m */; };
		EE1C47F71F9443CD0037773D /* TMBUtils.m in Sources */ = {isa = PBXBuildFile; fileRef = EE1C47F41F9443CD0037773D /* TMBUtils.m */; };
		EE2B38381FBA23AA00313614 /* TMBItem.h in Headers */ = {isa = PBXBuildFile; fileRef = EE2B38361FBA23AA00313614 /* TMBItem.h */; settings = {ATTRIBUTES = (Public, ); }; };
		EE2B38391FBA23AA00313614 /* TMBItem.m in Sources */ = {isa = PBXBuildFile; fileRef = EE2B38371FBA23AA00313614 /* TMBItem.m */; };
		EE2B383A1FBA23AA00313614 /* TMBItem.m in Sources */ = {isa = PBXBuildFile; fileRef = EE2B38371FBA23AA00313614 /* TMBItem.m */; };
		EE425F361EBA84A600FC10FA /* TMBClient.m in Sources */ = {isa = PBXBuildFile; fileRef = EE425F351EBA84A600FC10FA /* TMBClient.m */; };
		EE425F3A1EBA8D5C00FC10FA /* TMBEventParams.m in Sources */ = {isa = PBXBuildFile; fileRef = EE425F391EBA8D5C00FC10FA /* TMBEventParams.m */; };
		EE425F3D1EBAA16300FC10FA /* TMBEvent.m in Sources */ = {isa = PBXBuildFile; fileRef = EE425F3C1EBAA16300FC10FA /* TMBEvent.m */; };
		EE425F401EBAA19000FC10FA /* TMBDiscoverBasicParams.m in Sources */ = {isa = PBXBuildFile; fileRef = EE425F3F1EBAA19000FC10FA /* TMBDiscoverBasicParams.m */; };
		EE425F431EBAA1AA00FC10FA /* TMBDiscovery.m in Sources */ = {isa = PBXBuildFile; fileRef = EE425F421EBAA1AA00FC10FA /* TMBDiscovery.m */; };
		EE425F461EBAA48900FC10FA /* TMBEventResponse.m in Sources */ = {isa = PBXBuildFile; fileRef = EE425F451EBAA48900FC10FA /* TMBEventResponse.m */; };
		EE425F4D1EBAB2D500FC10FA /* TMBEncoder.m in Sources */ = {isa = PBXBuildFile; fileRef = EE425F4C1EBAB2D500FC10FA /* TMBEncoder.m */; };
		EE425F501EBABBF500FC10FA /* TMBAPIRequest.m in Sources */ = {isa = PBXBuildFile; fileRef = EE425F4F1EBABBF500FC10FA /* TMBAPIRequest.m */; };
		EE425F581EBAC0D400FC10FA /* NSMutableURLRequest+Tamber.m in Sources */ = {isa = PBXBuildFile; fileRef = EE425F571EBAC0D400FC10FA /* NSMutableURLRequest+Tamber.m */; };
		EE475C681EBB28CD00435C47 /* TMBEncoder.h in Headers */ = {isa = PBXBuildFile; fileRef = EE425F4B1EBAB2D500FC10FA /* TMBEncoder.h */; settings = {ATTRIBUTES = (Public, ); }; };
		EE475C691EBB28D000435C47 /* TMBClient.h in Headers */ = {isa = PBXBuildFile; fileRef = EE425F341EBA84A600FC10FA /* TMBClient.h */; settings = {ATTRIBUTES = (Public, ); }; };
		EE475C6A1EBB28D200435C47 /* TMBAPIRequest.h in Headers */ = {isa = PBXBuildFile; fileRef = EE425F4E1EBABBF500FC10FA /* TMBAPIRequest.h */; settings = {ATTRIBUTES = (Public, ); }; };
		EE475C6B1EBB28DE00435C47 /* TMBObjectEncodable.h in Headers */ = {isa = PBXBuildFile; fileRef = EE425F481EBAB1B200FC10FA /* TMBObjectEncodable.h */; settings = {ATTRIBUTES = (Public, ); }; };
		EE475C6C1EBB28E100435C47 /* TMBObjectDecodable.h in Headers */ = {isa = PBXBuildFile; fileRef = EEF8DE811EBAC49500CF4CB4 /* TMBObjectDecodable.h */; settings = {ATTRIBUTES = (Public, ); }; };
		EE475C6D1EBB28E900435C47 /* TMBEventResponse.h in Headers */ = {isa = PBXBuildFile; fileRef = EE425F441EBAA48900FC10FA /* TMBEventResponse.h */; settings = {ATTRIBUTES = (Public, ); }; };
		EE475C6E1EBB28EA00435C47 /* TMBEventParams.h in Headers */ = {isa = PBXBuildFile; fileRef = EE425F381EBA8D5C00FC10FA /* TMBEventParams.h */; settings = {ATTRIBUTES = (Public, ); }; };
		EE475C6F1EBB28ED00435C47 /* TMBEvent.h in Headers */ = {isa = PBXBuildFile; fileRef = EE425F3B1EBAA16300FC10FA /* TMBEvent.h */; settings = {ATTRIBUTES = (Public, ); }; };
		EE475C701EBB28F000435C47 /* TMBDiscoverBasicParams.h in Headers */ = {isa = PBXBuildFile; fileRef = EE425F3E1EBAA19000FC10FA /* TMBDiscoverBasicParams.h */; settings = {ATTRIBUTES = (Public, ); }; };
		EE475C711EBB28F200435C47 /* TMBDiscovery.h in Headers */ = {isa = PBXBuildFile; fileRef = EE425F411EBAA1AA00FC10FA /* TMBDiscovery.h */; settings = {ATTRIBUTES = (Public, ); }; };
		EE475C721EBB28F700435C47 /* TMBDiscoverResponse.h in Headers */ = {isa = PBXBuildFile; fileRef = EEF8DE8B1EBB0F4D00CF4CB4 /* TMBDiscoverResponse.h */; settings = {ATTRIBUTES = (Public, ); }; };
		EE475C731EBB29DC00435C47 /* TMBClient.m in Sources */ = {isa = PBXBuildFile; fileRef = EE425F351EBA84A600FC10FA /* TMBClient.m */; };
		EE475C741EBB29E000435C47 /* TMBDispatcher.m in Sources */ = {isa = PBXBuildFile; fileRef = EEF8DE861EBB064600CF4CB4 /* TMBDispatcher.m */; };
		EE475C751EBB29E300435C47 /* TMBEncoder.m in Sources */ = {isa = PBXBuildFile; fileRef = EE425F4C1EBAB2D500FC10FA /* TMBEncoder.m */; };
		EE475C761EBB29FA00435C47 /* TMBAPIRequest.m in Sources */ = {isa = PBXBuildFile; fileRef = EE425F4F1EBABBF500FC10FA /* TMBAPIRequest.m */; };
		EE475C771EBB2A0C00435C47 /* NSMutableURLRequest+Tamber.m in Sources */ = {isa = PBXBuildFile; fileRef = EE425F571EBAC0D400FC10FA /* NSMutableURLRequest+Tamber.m */; };
		EE475C781EBB2A0E00435C47 /* NSDictionary+Tamber.m in Sources */ = {isa = PBXBuildFile; fileRef = EEF8DE891EBB08A500CF4CB4 /* NSDictionary+Tamber.m */; };
		EE475C791EBB2A1100435C47 /* TMBEventResponse.m in Sources */ = {isa = PBXBuildFile; fileRef = EE425F451EBAA48900FC10FA /* TMBEventResponse.m */; };
		EE475C7A1EBB2A1800435C47 /* TMBEventParams.m in Sources */ = {isa = PBXBuildFile; fileRef = EE425F391EBA8D5C00FC10FA /* TMBEventParams.m */; };
		EE475C7B1EBB2A2400435C47 /* TMBEvent.m in Sources */ = {isa = PBXBuildFile; fileRef = EE425F3C1EBAA16300FC10FA /* TMBEvent.m */; };
		EE475C7C1EBB2A2400435C47 /* TMBDiscoverBasicParams.m in Sources */ = {isa = PBXBuildFile; fileRef = EE425F3F1EBAA19000FC10FA /* TMBDiscoverBasicParams.m */; };
		EE475C7D1EBB2A2400435C47 /* TMBDiscovery.m in Sources */ = {isa = PBXBuildFile; fileRef = EE425F421EBAA1AA00FC10FA /* TMBDiscovery.m */; };
		EE475C7E1EBB2A2400435C47 /* TMBDiscoverResponse.m in Sources */ = {isa = PBXBuildFile; fileRef = EEF8DE8C1EBB0F4D00CF4CB4 /* TMBDiscoverResponse.m */; };
		EE4C5B711FBC1CF500AFE751 /* Tamber.framework in Frameworks */ = {isa = PBXBuildFile; fileRef = EEF8DE931EBB170F00CF4CB4 /* Tamber.framework */; };
		EE69BE781F1D4C9200BC1913 /* TMBError.m in Sources */ = {isa = PBXBuildFile; fileRef = EE69BE771F1D4C9200BC1913 /* TMBError.m */; };
		EE69BE791F1D515D00BC1913 /* TMBError.h in Headers */ = {isa = PBXBuildFile; fileRef = EE69BE761F1D4C9200BC1913 /* TMBError.h */; settings = {ATTRIBUTES = (Public, ); }; };
		EE69BE7A1F1D51FB00BC1913 /* TMBError.m in Sources */ = {isa = PBXBuildFile; fileRef = EE69BE771F1D4C9200BC1913 /* TMBError.m */; };
		EE6A5F9E1F0E08640062B409 /* TMBUser.h in Headers */ = {isa = PBXBuildFile; fileRef = EEF969871F0DD207007E7653 /* TMBUser.h */; settings = {ATTRIBUTES = (Public, ); }; };
		EE6A5F9F1F0E08730062B409 /* TMBUserParams.h in Headers */ = {isa = PBXBuildFile; fileRef = EEF9698D1F0DFA40007E7653 /* TMBUserParams.h */; settings = {ATTRIBUTES = (Public, ); }; };
		EE6A5FA01F0E087B0062B409 /* TMBUserSearchResponse.h in Headers */ = {isa = PBXBuildFile; fileRef = EEF9698A1F0DD601007E7653 /* TMBUserSearchResponse.h */; settings = {ATTRIBUTES = (Public, ); }; };
		EE6A5FA11F0E09910062B409 /* TMBUserParams.m in Sources */ = {isa = PBXBuildFile; fileRef = EEF9698E1F0DFA40007E7653 /* TMBUserParams.m */; };
		EE6A5FA21F0E09910062B409 /* TMBUser.m in Sources */ = {isa = PBXBuildFile; fileRef = EEF969881F0DD242007E7653 /* TMBUser.m */; };
		EE6A5FA31F0E09910062B409 /* TMBUserSearchResponse.m in Sources */ = {isa = PBXBuildFile; fileRef = EEF9698B1F0DD601007E7653 /* TMBUserSearchResponse.m */; };
		EE6A5FA61F0E2BFE0062B409 /* NSArray+Tamber.m in Sources */ = {isa = PBXBuildFile; fileRef = EE6A5FA51F0E2BFE0062B409 /* NSArray+Tamber.m */; };
		EE6A5FA91F0E301A0062B409 /* NSArray+Tamber.m in Sources */ = {isa = PBXBuildFile; fileRef = EE6A5FA51F0E2BFE0062B409 /* NSArray+Tamber.m */; };
		EE7C4C381F84311E00206F1B /* TMBDiscoverParams.m in Sources */ = {isa = PBXBuildFile; fileRef = EE7C4C371F84311E00206F1B /* TMBDiscoverParams.m */; };
		EE8EED851F844A150038C139 /* NSArray+Tamber.h in Headers */ = {isa = PBXBuildFile; fileRef = EE6A5FA41F0E2BFE0062B409 /* NSArray+Tamber.h */; settings = {ATTRIBUTES = (Public, ); }; };
		EE8EED861F844AAB0038C139 /* TMBDiscoverParams.h in Headers */ = {isa = PBXBuildFile; fileRef = EE7C4C361F84311E00206F1B /* TMBDiscoverParams.h */; settings = {ATTRIBUTES = (Public, ); }; };
		EE8EED871F844C440038C139 /* TMBDiscoverParams.m in Sources */ = {isa = PBXBuildFile; fileRef = EE7C4C371F84311E00206F1B /* TMBDiscoverParams.m */; };
		EEAE1BAB1EB7FD13003F48D5 /* Tamber.h in Copy Files */ = {isa = PBXBuildFile; fileRef = EEAE1BA81EB7FD13003F48D5 /* Tamber.h */; };
		EEDC22E61FBCE519004D62B7 /* TamberiOSTests.m in Sources */ = {isa = PBXBuildFile; fileRef = EEF8DEA01EBB171000CF4CB4 /* TamberiOSTests.m */; };
		EEE0B9E61F919E9000C27BB3 /* TMBSwizzler.h in Headers */ = {isa = PBXBuildFile; fileRef = EEE0B9E41F919E9000C27BB3 /* TMBSwizzler.h */; settings = {ATTRIBUTES = (Public, ); }; };
		EEE0B9E71F919E9000C27BB3 /* TMBSwizzler.m in Sources */ = {isa = PBXBuildFile; fileRef = EEE0B9E51F919E9000C27BB3 /* TMBSwizzler.m */; };
		EEE0B9E81F919E9000C27BB3 /* TMBSwizzler.m in Sources */ = {isa = PBXBuildFile; fileRef = EEE0B9E51F919E9000C27BB3 /* TMBSwizzler.m */; };
		EEF8DE871EBB064600CF4CB4 /* TMBDispatcher.m in Sources */ = {isa = PBXBuildFile; fileRef = EEF8DE861EBB064600CF4CB4 /* TMBDispatcher.m */; };
		EEF8DE8A1EBB08A500CF4CB4 /* NSDictionary+Tamber.m in Sources */ = {isa = PBXBuildFile; fileRef = EEF8DE891EBB08A500CF4CB4 /* NSDictionary+Tamber.m */; };
		EEF8DE8D1EBB0F4D00CF4CB4 /* TMBDiscoverResponse.m in Sources */ = {isa = PBXBuildFile; fileRef = EEF8DE8C1EBB0F4D00CF4CB4 /* TMBDiscoverResponse.m */; };
		EEF8DEAA1EBB18CE00CF4CB4 /* Tamber.h in Headers */ = {isa = PBXBuildFile; fileRef = EEAE1BA81EB7FD13003F48D5 /* Tamber.h */; settings = {ATTRIBUTES = (Public, ); }; };
		EEF969891F0DD242007E7653 /* TMBUser.m in Sources */ = {isa = PBXBuildFile; fileRef = EEF969881F0DD242007E7653 /* TMBUser.m */; };
		EEF9698C1F0DD601007E7653 /* TMBUserSearchResponse.m in Sources */ = {isa = PBXBuildFile; fileRef = EEF9698B1F0DD601007E7653 /* TMBUserSearchResponse.m */; };
		EEF9698F1F0DFA40007E7653 /* TMBUserParams.m in Sources */ = {isa = PBXBuildFile; fileRef = EEF9698E1F0DFA40007E7653 /* TMBUserParams.m */; };
/* End PBXBuildFile section */

/* Begin PBXContainerItemProxy section */
		EEDC22E71FBCE697004D62B7 /* PBXContainerItemProxy */ = {
			isa = PBXContainerItemProxy;
			containerPortal = EEAE1B9D1EB7FD13003F48D5 /* Project object */;
			proxyType = 1;
			remoteGlobalIDString = EEF8DE921EBB170F00CF4CB4;
			remoteInfo = TamberiOS;
		};
/* End PBXContainerItemProxy section */

/* Begin PBXCopyFilesBuildPhase section */
		EEAE1BA31EB7FD13003F48D5 /* Copy Files */ = {
			isa = PBXCopyFilesBuildPhase;
			buildActionMask = 2147483647;
			dstPath = "include/$(PRODUCT_NAME)";
			dstSubfolderSpec = 16;
			files = (
				EEAE1BAB1EB7FD13003F48D5 /* Tamber.h in Copy Files */,
			);
			name = "Copy Files";
			runOnlyForDeploymentPostprocessing = 0;
		};
/* End PBXCopyFilesBuildPhase section */

/* Begin PBXFileReference section */
		EE1C47E71F92AADB0037773D /* TMBPush.h */ = {isa = PBXFileReference; fileEncoding = 4; lastKnownFileType = sourcecode.c.h; path = TMBPush.h; sourceTree = "<group>"; };
		EE1C47E81F92AADB0037773D /* TMBPush.m */ = {isa = PBXFileReference; fileEncoding = 4; lastKnownFileType = sourcecode.c.objc; path = TMBPush.m; sourceTree = "<group>"; };
		EE1C47ED1F92ADB00037773D /* TMBPushMessage.h */ = {isa = PBXFileReference; fileEncoding = 4; lastKnownFileType = sourcecode.c.h; path = TMBPushMessage.h; sourceTree = "<group>"; };
		EE1C47EE1F92ADB00037773D /* TMBPushMessage.m */ = {isa = PBXFileReference; fileEncoding = 4; lastKnownFileType = sourcecode.c.objc; path = TMBPushMessage.m; sourceTree = "<group>"; };
		EE1C47F31F9443CD0037773D /* TMBUtils.h */ = {isa = PBXFileReference; fileEncoding = 4; lastKnownFileType = sourcecode.c.h; path = TMBUtils.h; sourceTree = "<group>"; };
		EE1C47F41F9443CD0037773D /* TMBUtils.m */ = {isa = PBXFileReference; fileEncoding = 4; lastKnownFileType = sourcecode.c.objc; path = TMBUtils.m; sourceTree = "<group>"; };
		EE2B38361FBA23AA00313614 /* TMBItem.h */ = {isa = PBXFileReference; lastKnownFileType = sourcecode.c.h; path = TMBItem.h; sourceTree = "<group>"; };
		EE2B38371FBA23AA00313614 /* TMBItem.m */ = {isa = PBXFileReference; lastKnownFileType = sourcecode.c.objc; path = TMBItem.m; sourceTree = "<group>"; };
		EE425F341EBA84A600FC10FA /* TMBClient.h */ = {isa = PBXFileReference; fileEncoding = 4; lastKnownFileType = sourcecode.c.h; path = TMBClient.h; sourceTree = "<group>"; };
		EE425F351EBA84A600FC10FA /* TMBClient.m */ = {isa = PBXFileReference; fileEncoding = 4; lastKnownFileType = sourcecode.c.objc; path = TMBClient.m; sourceTree = "<group>"; };
		EE425F381EBA8D5C00FC10FA /* TMBEventParams.h */ = {isa = PBXFileReference; fileEncoding = 4; lastKnownFileType = sourcecode.c.h; path = TMBEventParams.h; sourceTree = "<group>"; };
		EE425F391EBA8D5C00FC10FA /* TMBEventParams.m */ = {isa = PBXFileReference; fileEncoding = 4; lastKnownFileType = sourcecode.c.objc; path = TMBEventParams.m; sourceTree = "<group>"; };
		EE425F3B1EBAA16300FC10FA /* TMBEvent.h */ = {isa = PBXFileReference; fileEncoding = 4; lastKnownFileType = sourcecode.c.h; path = TMBEvent.h; sourceTree = "<group>"; };
		EE425F3C1EBAA16300FC10FA /* TMBEvent.m */ = {isa = PBXFileReference; fileEncoding = 4; lastKnownFileType = sourcecode.c.objc; path = TMBEvent.m; sourceTree = "<group>"; };
		EE425F3E1EBAA19000FC10FA /* TMBDiscoverBasicParams.h */ = {isa = PBXFileReference; fileEncoding = 4; lastKnownFileType = sourcecode.c.h; path = TMBDiscoverBasicParams.h; sourceTree = "<group>"; };
		EE425F3F1EBAA19000FC10FA /* TMBDiscoverBasicParams.m */ = {isa = PBXFileReference; fileEncoding = 4; lastKnownFileType = sourcecode.c.objc; path = TMBDiscoverBasicParams.m; sourceTree = "<group>"; };
		EE425F411EBAA1AA00FC10FA /* TMBDiscovery.h */ = {isa = PBXFileReference; fileEncoding = 4; lastKnownFileType = sourcecode.c.h; path = TMBDiscovery.h; sourceTree = "<group>"; };
		EE425F421EBAA1AA00FC10FA /* TMBDiscovery.m */ = {isa = PBXFileReference; fileEncoding = 4; lastKnownFileType = sourcecode.c.objc; path = TMBDiscovery.m; sourceTree = "<group>"; };
		EE425F441EBAA48900FC10FA /* TMBEventResponse.h */ = {isa = PBXFileReference; fileEncoding = 4; lastKnownFileType = sourcecode.c.h; path = TMBEventResponse.h; sourceTree = "<group>"; };
		EE425F451EBAA48900FC10FA /* TMBEventResponse.m */ = {isa = PBXFileReference; fileEncoding = 4; lastKnownFileType = sourcecode.c.objc; path = TMBEventResponse.m; sourceTree = "<group>"; };
		EE425F481EBAB1B200FC10FA /* TMBObjectEncodable.h */ = {isa = PBXFileReference; fileEncoding = 4; lastKnownFileType = sourcecode.c.h; path = TMBObjectEncodable.h; sourceTree = "<group>"; };
		EE425F4B1EBAB2D500FC10FA /* TMBEncoder.h */ = {isa = PBXFileReference; fileEncoding = 4; lastKnownFileType = sourcecode.c.h; path = TMBEncoder.h; sourceTree = "<group>"; };
		EE425F4C1EBAB2D500FC10FA /* TMBEncoder.m */ = {isa = PBXFileReference; fileEncoding = 4; lastKnownFileType = sourcecode.c.objc; path = TMBEncoder.m; sourceTree = "<group>"; };
		EE425F4E1EBABBF500FC10FA /* TMBAPIRequest.h */ = {isa = PBXFileReference; fileEncoding = 4; lastKnownFileType = sourcecode.c.h; path = TMBAPIRequest.h; sourceTree = "<group>"; };
		EE425F4F1EBABBF500FC10FA /* TMBAPIRequest.m */ = {isa = PBXFileReference; fileEncoding = 4; lastKnownFileType = sourcecode.c.objc; path = TMBAPIRequest.m; sourceTree = "<group>"; };
		EE425F561EBAC0D400FC10FA /* NSMutableURLRequest+Tamber.h */ = {isa = PBXFileReference; fileEncoding = 4; lastKnownFileType = sourcecode.c.h; path = "NSMutableURLRequest+Tamber.h"; sourceTree = "<group>"; };
		EE425F571EBAC0D400FC10FA /* NSMutableURLRequest+Tamber.m */ = {isa = PBXFileReference; fileEncoding = 4; lastKnownFileType = sourcecode.c.objc; path = "NSMutableURLRequest+Tamber.m"; sourceTree = "<group>"; };
		EE69BE761F1D4C9200BC1913 /* TMBError.h */ = {isa = PBXFileReference; fileEncoding = 4; lastKnownFileType = sourcecode.c.h; path = TMBError.h; sourceTree = "<group>"; };
		EE69BE771F1D4C9200BC1913 /* TMBError.m */ = {isa = PBXFileReference; fileEncoding = 4; lastKnownFileType = sourcecode.c.objc; path = TMBError.m; sourceTree = "<group>"; };
		EE6A5FA41F0E2BFE0062B409 /* NSArray+Tamber.h */ = {isa = PBXFileReference; fileEncoding = 4; lastKnownFileType = sourcecode.c.h; path = "NSArray+Tamber.h"; sourceTree = "<group>"; };
		EE6A5FA51F0E2BFE0062B409 /* NSArray+Tamber.m */ = {isa = PBXFileReference; fileEncoding = 4; lastKnownFileType = sourcecode.c.objc; path = "NSArray+Tamber.m"; sourceTree = "<group>"; };
		EE7C4C361F84311E00206F1B /* TMBDiscoverParams.h */ = {isa = PBXFileReference; fileEncoding = 4; lastKnownFileType = sourcecode.c.h; path = TMBDiscoverParams.h; sourceTree = "<group>"; };
		EE7C4C371F84311E00206F1B /* TMBDiscoverParams.m */ = {isa = PBXFileReference; fileEncoding = 4; lastKnownFileType = sourcecode.c.objc; path = TMBDiscoverParams.m; sourceTree = "<group>"; };
		EEAE1BA51EB7FD13003F48D5 /* libTamber.a */ = {isa = PBXFileReference; explicitFileType = archive.ar; includeInIndex = 0; path = libTamber.a; sourceTree = BUILT_PRODUCTS_DIR; };
		EEAE1BA81EB7FD13003F48D5 /* Tamber.h */ = {isa = PBXFileReference; lastKnownFileType = sourcecode.c.h; path = Tamber.h; sourceTree = "<group>"; };
		EEE0B9E41F919E9000C27BB3 /* TMBSwizzler.h */ = {isa = PBXFileReference; fileEncoding = 4; lastKnownFileType = sourcecode.c.h; path = TMBSwizzler.h; sourceTree = "<group>"; };
		EEE0B9E51F919E9000C27BB3 /* TMBSwizzler.m */ = {isa = PBXFileReference; fileEncoding = 4; lastKnownFileType = sourcecode.c.objc; path = TMBSwizzler.m; sourceTree = "<group>"; };
		EEF8DE811EBAC49500CF4CB4 /* TMBObjectDecodable.h */ = {isa = PBXFileReference; fileEncoding = 4; lastKnownFileType = sourcecode.c.h; path = TMBObjectDecodable.h; sourceTree = "<group>"; };
		EEF8DE851EBB064600CF4CB4 /* TMBDispatcher.h */ = {isa = PBXFileReference; fileEncoding = 4; lastKnownFileType = sourcecode.c.h; path = TMBDispatcher.h; sourceTree = "<group>"; };
		EEF8DE861EBB064600CF4CB4 /* TMBDispatcher.m */ = {isa = PBXFileReference; fileEncoding = 4; lastKnownFileType = sourcecode.c.objc; path = TMBDispatcher.m; sourceTree = "<group>"; };
		EEF8DE881EBB08A500CF4CB4 /* NSDictionary+Tamber.h */ = {isa = PBXFileReference; fileEncoding = 4; lastKnownFileType = sourcecode.c.h; path = "NSDictionary+Tamber.h"; sourceTree = "<group>"; };
		EEF8DE891EBB08A500CF4CB4 /* NSDictionary+Tamber.m */ = {isa = PBXFileReference; fileEncoding = 4; lastKnownFileType = sourcecode.c.objc; path = "NSDictionary+Tamber.m"; sourceTree = "<group>"; };
		EEF8DE8B1EBB0F4D00CF4CB4 /* TMBDiscoverResponse.h */ = {isa = PBXFileReference; fileEncoding = 4; lastKnownFileType = sourcecode.c.h; path = TMBDiscoverResponse.h; sourceTree = "<group>"; };
		EEF8DE8C1EBB0F4D00CF4CB4 /* TMBDiscoverResponse.m */ = {isa = PBXFileReference; fileEncoding = 4; lastKnownFileType = sourcecode.c.objc; path = TMBDiscoverResponse.m; sourceTree = "<group>"; };
		EEF8DE931EBB170F00CF4CB4 /* Tamber.framework */ = {isa = PBXFileReference; explicitFileType = wrapper.framework; includeInIndex = 0; path = Tamber.framework; sourceTree = BUILT_PRODUCTS_DIR; };
		EEF8DE9B1EBB170F00CF4CB4 /* TamberiOSTests.xctest */ = {isa = PBXFileReference; explicitFileType = wrapper.cfbundle; includeInIndex = 0; path = TamberiOSTests.xctest; sourceTree = BUILT_PRODUCTS_DIR; };
		EEF8DEA01EBB171000CF4CB4 /* TamberiOSTests.m */ = {isa = PBXFileReference; lastKnownFileType = sourcecode.c.objc; path = TamberiOSTests.m; sourceTree = "<group>"; };
		EEF8DEA21EBB171000CF4CB4 /* Info.plist */ = {isa = PBXFileReference; lastKnownFileType = text.plist.xml; path = Info.plist; sourceTree = "<group>"; };
		EEF8DEAB1EBB223100CF4CB4 /* Info.plist */ = {isa = PBXFileReference; fileEncoding = 4; lastKnownFileType = text.plist.xml; path = Info.plist; sourceTree = "<group>"; };
		EEF969871F0DD207007E7653 /* TMBUser.h */ = {isa = PBXFileReference; fileEncoding = 4; lastKnownFileType = sourcecode.c.h; path = TMBUser.h; sourceTree = "<group>"; };
		EEF969881F0DD242007E7653 /* TMBUser.m */ = {isa = PBXFileReference; fileEncoding = 4; lastKnownFileType = sourcecode.c.objc; path = TMBUser.m; sourceTree = "<group>"; };
		EEF9698A1F0DD601007E7653 /* TMBUserSearchResponse.h */ = {isa = PBXFileReference; fileEncoding = 4; lastKnownFileType = sourcecode.c.h; path = TMBUserSearchResponse.h; sourceTree = "<group>"; };
		EEF9698B1F0DD601007E7653 /* TMBUserSearchResponse.m */ = {isa = PBXFileReference; fileEncoding = 4; lastKnownFileType = sourcecode.c.objc; path = TMBUserSearchResponse.m; sourceTree = "<group>"; };
		EEF9698D1F0DFA40007E7653 /* TMBUserParams.h */ = {isa = PBXFileReference; fileEncoding = 4; lastKnownFileType = sourcecode.c.h; path = TMBUserParams.h; sourceTree = "<group>"; };
		EEF9698E1F0DFA40007E7653 /* TMBUserParams.m */ = {isa = PBXFileReference; fileEncoding = 4; lastKnownFileType = sourcecode.c.objc; path = TMBUserParams.m; sourceTree = "<group>"; };
/* End PBXFileReference section */

/* Begin PBXFrameworksBuildPhase section */
		EEAE1BA21EB7FD13003F48D5 /* Frameworks */ = {
			isa = PBXFrameworksBuildPhase;
			buildActionMask = 2147483647;
			files = (
			);
			runOnlyForDeploymentPostprocessing = 0;
		};
		EEF8DE8F1EBB170F00CF4CB4 /* Frameworks */ = {
			isa = PBXFrameworksBuildPhase;
			buildActionMask = 2147483647;
			files = (
			);
			runOnlyForDeploymentPostprocessing = 0;
		};
		EEF8DE981EBB170F00CF4CB4 /* Frameworks */ = {
			isa = PBXFrameworksBuildPhase;
			buildActionMask = 2147483647;
			files = (
				EE4C5B711FBC1CF500AFE751 /* Tamber.framework in Frameworks */,
			);
			runOnlyForDeploymentPostprocessing = 0;
		};
/* End PBXFrameworksBuildPhase section */

/* Begin PBXGroup section */
		EE425F371EBA88FA00FC10FA /* Models */ = {
			isa = PBXGroup;
			children = (
				EE425F441EBAA48900FC10FA /* TMBEventResponse.h */,
				EE425F451EBAA48900FC10FA /* TMBEventResponse.m */,
				EE425F381EBA8D5C00FC10FA /* TMBEventParams.h */,
				EE425F391EBA8D5C00FC10FA /* TMBEventParams.m */,
				EE425F3B1EBAA16300FC10FA /* TMBEvent.h */,
				EE425F3C1EBAA16300FC10FA /* TMBEvent.m */,
				EE425F3E1EBAA19000FC10FA /* TMBDiscoverBasicParams.h */,
				EE425F3F1EBAA19000FC10FA /* TMBDiscoverBasicParams.m */,
				EE7C4C361F84311E00206F1B /* TMBDiscoverParams.h */,
				EE7C4C371F84311E00206F1B /* TMBDiscoverParams.m */,
				EE425F411EBAA1AA00FC10FA /* TMBDiscovery.h */,
				EE425F421EBAA1AA00FC10FA /* TMBDiscovery.m */,
				EEF8DE8B1EBB0F4D00CF4CB4 /* TMBDiscoverResponse.h */,
				EEF8DE8C1EBB0F4D00CF4CB4 /* TMBDiscoverResponse.m */,
				EE425F481EBAB1B200FC10FA /* TMBObjectEncodable.h */,
				EEF8DE811EBAC49500CF4CB4 /* TMBObjectDecodable.h */,
				EEF9698D1F0DFA40007E7653 /* TMBUserParams.h */,
				EEF9698E1F0DFA40007E7653 /* TMBUserParams.m */,
				EEF969871F0DD207007E7653 /* TMBUser.h */,
				EEF969881F0DD242007E7653 /* TMBUser.m */,
				EE2B38361FBA23AA00313614 /* TMBItem.h */,
				EE2B38371FBA23AA00313614 /* TMBItem.m */,
				EEF9698A1F0DD601007E7653 /* TMBUserSearchResponse.h */,
				EEF9698B1F0DD601007E7653 /* TMBUserSearchResponse.m */,
			);
			name = Models;
			sourceTree = "<group>";
		};
		EE425F471EBAB0F900FC10FA /* Utils */ = {
			isa = PBXGroup;
			children = (
				EEF8DE851EBB064600CF4CB4 /* TMBDispatcher.h */,
				EEF8DE861EBB064600CF4CB4 /* TMBDispatcher.m */,
				EE425F4B1EBAB2D500FC10FA /* TMBEncoder.h */,
				EE425F4C1EBAB2D500FC10FA /* TMBEncoder.m */,
				EE425F4E1EBABBF500FC10FA /* TMBAPIRequest.h */,
				EE425F4F1EBABBF500FC10FA /* TMBAPIRequest.m */,
				EE1C47F31F9443CD0037773D /* TMBUtils.h */,
				EE1C47F41F9443CD0037773D /* TMBUtils.m */,
				EE425F561EBAC0D400FC10FA /* NSMutableURLRequest+Tamber.h */,
				EE425F571EBAC0D400FC10FA /* NSMutableURLRequest+Tamber.m */,
				EEF8DE881EBB08A500CF4CB4 /* NSDictionary+Tamber.h */,
				EEF8DE891EBB08A500CF4CB4 /* NSDictionary+Tamber.m */,
				EE6A5FA41F0E2BFE0062B409 /* NSArray+Tamber.h */,
				EE6A5FA51F0E2BFE0062B409 /* NSArray+Tamber.m */,
				EE69BE761F1D4C9200BC1913 /* TMBError.h */,
				EE69BE771F1D4C9200BC1913 /* TMBError.m */,
			);
			name = Utils;
			sourceTree = "<group>";
		};
		EEAE1B9C1EB7FD13003F48D5 = {
			isa = PBXGroup;
			children = (
				EEAE1BA71EB7FD13003F48D5 /* Tamber */,
				EEF8DE9F1EBB171000CF4CB4 /* TamberiOSTests */,
				EEAE1BA61EB7FD13003F48D5 /* Products */,
				EEBE32361FBBC3D500A73B37 /* Frameworks */,
			);
			sourceTree = "<group>";
		};
		EEAE1BA61EB7FD13003F48D5 /* Products */ = {
			isa = PBXGroup;
			children = (
				EEAE1BA51EB7FD13003F48D5 /* libTamber.a */,
				EEF8DE931EBB170F00CF4CB4 /* Tamber.framework */,
				EEF8DE9B1EBB170F00CF4CB4 /* TamberiOSTests.xctest */,
			);
			name = Products;
			sourceTree = "<group>";
		};
		EEAE1BA71EB7FD13003F48D5 /* Tamber */ = {
			isa = PBXGroup;
			children = (
				EEAE1BA81EB7FD13003F48D5 /* Tamber.h */,
				EE425F341EBA84A600FC10FA /* TMBClient.h */,
				EE425F351EBA84A600FC10FA /* TMBClient.m */,
				EEF8DEAB1EBB223100CF4CB4 /* Info.plist */,
				EEE0B9E31F919D1F00C27BB3 /* Push */,
				EE425F471EBAB0F900FC10FA /* Utils */,
				EE425F371EBA88FA00FC10FA /* Models */,
			);
			path = Tamber;
			sourceTree = "<group>";
		};
		EEBE32361FBBC3D500A73B37 /* Frameworks */ = {
			isa = PBXGroup;
			children = (
			);
			name = Frameworks;
			sourceTree = "<group>";
		};
		EEE0B9E31F919D1F00C27BB3 /* Push */ = {
			isa = PBXGroup;
			children = (
				EEE0B9E41F919E9000C27BB3 /* TMBSwizzler.h */,
				EEE0B9E51F919E9000C27BB3 /* TMBSwizzler.m */,
				EE1C47E71F92AADB0037773D /* TMBPush.h */,
				EE1C47E81F92AADB0037773D /* TMBPush.m */,
				EE1C47ED1F92ADB00037773D /* TMBPushMessage.h */,
				EE1C47EE1F92ADB00037773D /* TMBPushMessage.m */,
			);
			path = Push;
			sourceTree = "<group>";
		};
		EEF8DE9F1EBB171000CF4CB4 /* TamberiOSTests */ = {
			isa = PBXGroup;
			children = (
				EEF8DEA01EBB171000CF4CB4 /* TamberiOSTests.m */,
				EEF8DEA21EBB171000CF4CB4 /* Info.plist */,
			);
			path = TamberiOSTests;
			sourceTree = "<group>";
		};
/* End PBXGroup section */

/* Begin PBXHeadersBuildPhase section */
		EEF8DE901EBB170F00CF4CB4 /* Headers */ = {
			isa = PBXHeadersBuildPhase;
			buildActionMask = 2147483647;
			files = (
				EE8EED851F844A150038C139 /* NSArray+Tamber.h in Headers */,
				EEF8DEAA1EBB18CE00CF4CB4 /* Tamber.h in Headers */,
				EE475C681EBB28CD00435C47 /* TMBEncoder.h in Headers */,
				EE475C6A1EBB28D200435C47 /* TMBAPIRequest.h in Headers */,
				EE475C691EBB28D000435C47 /* TMBClient.h in Headers */,
				EE475C6D1EBB28E900435C47 /* TMBEventResponse.h in Headers */,
				EE475C6E1EBB28EA00435C47 /* TMBEventParams.h in Headers */,
				EE475C6F1EBB28ED00435C47 /* TMBEvent.h in Headers */,
				EE475C701EBB28F000435C47 /* TMBDiscoverBasicParams.h in Headers */,
				EE8EED861F844AAB0038C139 /* TMBDiscoverParams.h in Headers */,
				EE475C711EBB28F200435C47 /* TMBDiscovery.h in Headers */,
				EE475C721EBB28F700435C47 /* TMBDiscoverResponse.h in Headers */,
				EE475C6B1EBB28DE00435C47 /* TMBObjectEncodable.h in Headers */,
				EE475C6C1EBB28E100435C47 /* TMBObjectDecodable.h in Headers */,
				EE1C47F51F9443CD0037773D /* TMBUtils.h in Headers */,
				EEE0B9E61F919E9000C27BB3 /* TMBSwizzler.h in Headers */,
				EE1C47EF1F92ADB00037773D /* TMBPushMessage.h in Headers */,
				EE1C47E91F92AADB0037773D /* TMBPush.h in Headers */,
				EE6A5F9E1F0E08640062B409 /* TMBUser.h in Headers */,
				EE6A5F9F1F0E08730062B409 /* TMBUserParams.h in Headers */,
				EE6A5FA01F0E087B0062B409 /* TMBUserSearchResponse.h in Headers */,
				EE2B38381FBA23AA00313614 /* TMBItem.h in Headers */,
				EE69BE791F1D515D00BC1913 /* TMBError.h in Headers */,
			);
			runOnlyForDeploymentPostprocessing = 0;
		};
/* End PBXHeadersBuildPhase section */

/* Begin PBXNativeTarget section */
		EEAE1BA41EB7FD13003F48D5 /* Tamber */ = {
			isa = PBXNativeTarget;
			buildConfigurationList = EEAE1BAE1EB7FD13003F48D5 /* Build configuration list for PBXNativeTarget "Tamber" */;
			buildPhases = (
				EEAE1BA11EB7FD13003F48D5 /* Sources */,
				EEAE1BA21EB7FD13003F48D5 /* Frameworks */,
				EEAE1BA31EB7FD13003F48D5 /* Copy Files */,
			);
			buildRules = (
			);
			dependencies = (
			);
			name = Tamber;
			productName = Tamber;
			productReference = EEAE1BA51EB7FD13003F48D5 /* libTamber.a */;
			productType = "com.apple.product-type.library.static";
		};
		EEF8DE921EBB170F00CF4CB4 /* TamberiOS */ = {
			isa = PBXNativeTarget;
			buildConfigurationList = EEF8DEA41EBB171000CF4CB4 /* Build configuration list for PBXNativeTarget "TamberiOS" */;
			buildPhases = (
				EEF8DE8E1EBB170F00CF4CB4 /* Sources */,
				EEF8DE8F1EBB170F00CF4CB4 /* Frameworks */,
				EEF8DE901EBB170F00CF4CB4 /* Headers */,
				EEF8DE911EBB170F00CF4CB4 /* Resources */,
			);
			buildRules = (
			);
			dependencies = (
			);
			name = TamberiOS;
			productName = TamberiOS;
			productReference = EEF8DE931EBB170F00CF4CB4 /* Tamber.framework */;
			productType = "com.apple.product-type.framework";
		};
		EEF8DE9A1EBB170F00CF4CB4 /* TamberiOSTests */ = {
			isa = PBXNativeTarget;
			buildConfigurationList = EEF8DEA71EBB171000CF4CB4 /* Build configuration list for PBXNativeTarget "TamberiOSTests" */;
			buildPhases = (
				EEF8DE971EBB170F00CF4CB4 /* Sources */,
				EEF8DE981EBB170F00CF4CB4 /* Frameworks */,
				EEF8DE991EBB170F00CF4CB4 /* Resources */,
			);
			buildRules = (
			);
			dependencies = (
				EEDC22E81FBCE697004D62B7 /* PBXTargetDependency */,
			);
			name = TamberiOSTests;
			productName = TamberiOSTests;
			productReference = EEF8DE9B1EBB170F00CF4CB4 /* TamberiOSTests.xctest */;
			productType = "com.apple.product-type.bundle.unit-test";
		};
/* End PBXNativeTarget section */

/* Begin PBXProject section */
		EEAE1B9D1EB7FD13003F48D5 /* Project object */ = {
			isa = PBXProject;
			attributes = {
				LastUpgradeCheck = 0900;
				ORGANIZATIONNAME = Tamber;
				TargetAttributes = {
					EEAE1BA41EB7FD13003F48D5 = {
						CreatedOnToolsVersion = 8.1;
						DevelopmentTeam = X7P539N426;
						ProvisioningStyle = Automatic;
					};
					EEF8DE921EBB170F00CF4CB4 = {
						CreatedOnToolsVersion = 8.1;
						DevelopmentTeam = X7P539N426;
						ProvisioningStyle = Automatic;
					};
					EEF8DE9A1EBB170F00CF4CB4 = {
						CreatedOnToolsVersion = 8.1;
						DevelopmentTeam = X7P539N426;
						ProvisioningStyle = Automatic;
					};
				};
			};
			buildConfigurationList = EEAE1BA01EB7FD13003F48D5 /* Build configuration list for PBXProject "Tamber" */;
			compatibilityVersion = "Xcode 3.2";
			developmentRegion = English;
			hasScannedForEncodings = 0;
			knownRegions = (
				en,
			);
			mainGroup = EEAE1B9C1EB7FD13003F48D5;
			productRefGroup = EEAE1BA61EB7FD13003F48D5 /* Products */;
			projectDirPath = "";
			projectRoot = "";
			targets = (
				EEAE1BA41EB7FD13003F48D5 /* Tamber */,
				EEF8DE921EBB170F00CF4CB4 /* TamberiOS */,
				EEF8DE9A1EBB170F00CF4CB4 /* TamberiOSTests */,
			);
		};
/* End PBXProject section */

/* Begin PBXResourcesBuildPhase section */
		EEF8DE911EBB170F00CF4CB4 /* Resources */ = {
			isa = PBXResourcesBuildPhase;
			buildActionMask = 2147483647;
			files = (
			);
			runOnlyForDeploymentPostprocessing = 0;
		};
		EEF8DE991EBB170F00CF4CB4 /* Resources */ = {
			isa = PBXResourcesBuildPhase;
			buildActionMask = 2147483647;
			files = (
			);
			runOnlyForDeploymentPostprocessing = 0;
		};
/* End PBXResourcesBuildPhase section */

/* Begin PBXSourcesBuildPhase section */
		EEAE1BA11EB7FD13003F48D5 /* Sources */ = {
			isa = PBXSourcesBuildPhase;
			buildActionMask = 2147483647;
			files = (
				EE6A5FA61F0E2BFE0062B409 /* NSArray+Tamber.m in Sources */,
				EE425F501EBABBF500FC10FA /* TMBAPIRequest.m in Sources */,
				EE425F401EBAA19000FC10FA /* TMBDiscoverBasicParams.m in Sources */,
				EE1C47F61F9443CD0037773D /* TMBUtils.m in Sources */,
				EE2B38391FBA23AA00313614 /* TMBItem.m in Sources */,
				EE7C4C381F84311E00206F1B /* TMBDiscoverParams.m in Sources */,
				EE425F3A1EBA8D5C00FC10FA /* TMBEventParams.m in Sources */,
				EEF9698F1F0DFA40007E7653 /* TMBUserParams.m in Sources */,
				EEF8DE8A1EBB08A500CF4CB4 /* NSDictionary+Tamber.m in Sources */,
				EE425F3D1EBAA16300FC10FA /* TMBEvent.m in Sources */,
				EEF8DE8D1EBB0F4D00CF4CB4 /* TMBDiscoverResponse.m in Sources */,
				EEE0B9E71F919E9000C27BB3 /* TMBSwizzler.m in Sources */,
				EE425F361EBA84A600FC10FA /* TMBClient.m in Sources */,
				EE425F581EBAC0D400FC10FA /* NSMutableURLRequest+Tamber.m in Sources */,
				EE425F4D1EBAB2D500FC10FA /* TMBEncoder.m in Sources */,
				EE425F431EBAA1AA00FC10FA /* TMBDiscovery.m in Sources */,
				EEF8DE871EBB064600CF4CB4 /* TMBDispatcher.m in Sources */,
				EE1C47F01F92ADB00037773D /* TMBPushMessage.m in Sources */,
				EE69BE781F1D4C9200BC1913 /* TMBError.m in Sources */,
				EE425F461EBAA48900FC10FA /* TMBEventResponse.m in Sources */,
				EEF969891F0DD242007E7653 /* TMBUser.m in Sources */,
				EEF9698C1F0DD601007E7653 /* TMBUserSearchResponse.m in Sources */,
				EE1C47EA1F92AADB0037773D /* TMBPush.m in Sources */,
			);
			runOnlyForDeploymentPostprocessing = 0;
		};
		EEF8DE8E1EBB170F00CF4CB4 /* Sources */ = {
			isa = PBXSourcesBuildPhase;
			buildActionMask = 2147483647;
			files = (
				EE69BE7A1F1D51FB00BC1913 /* TMBError.m in Sources */,
				EE6A5FA91F0E301A0062B409 /* NSArray+Tamber.m in Sources */,
				EE6A5FA11F0E09910062B409 /* TMBUserParams.m in Sources */,
				EE1C47F71F9443CD0037773D /* TMBUtils.m in Sources */,
				EE2B383A1FBA23AA00313614 /* TMBItem.m in Sources */,
				EE6A5FA21F0E09910062B409 /* TMBUser.m in Sources */,
				EE6A5FA31F0E09910062B409 /* TMBUserSearchResponse.m in Sources */,
				EE475C731EBB29DC00435C47 /* TMBClient.m in Sources */,
				EE475C741EBB29E000435C47 /* TMBDispatcher.m in Sources */,
				EE475C751EBB29E300435C47 /* TMBEncoder.m in Sources */,
				EE475C761EBB29FA00435C47 /* TMBAPIRequest.m in Sources */,
				EEE0B9E81F919E9000C27BB3 /* TMBSwizzler.m in Sources */,
				EE475C771EBB2A0C00435C47 /* NSMutableURLRequest+Tamber.m in Sources */,
				EE475C781EBB2A0E00435C47 /* NSDictionary+Tamber.m in Sources */,
				EE475C791EBB2A1100435C47 /* TMBEventResponse.m in Sources */,
				EE475C7A1EBB2A1800435C47 /* TMBEventParams.m in Sources */,
				EE475C7B1EBB2A2400435C47 /* TMBEvent.m in Sources */,
				EE1C47F11F92ADB00037773D /* TMBPushMessage.m in Sources */,
				EE475C7C1EBB2A2400435C47 /* TMBDiscoverBasicParams.m in Sources */,
				EE8EED871F844C440038C139 /* TMBDiscoverParams.m in Sources */,
				EE475C7D1EBB2A2400435C47 /* TMBDiscovery.m in Sources */,
				EE475C7E1EBB2A2400435C47 /* TMBDiscoverResponse.m in Sources */,
				EE1C47EB1F92AADB0037773D /* TMBPush.m in Sources */,
			);
			runOnlyForDeploymentPostprocessing = 0;
		};
		EEF8DE971EBB170F00CF4CB4 /* Sources */ = {
			isa = PBXSourcesBuildPhase;
			buildActionMask = 2147483647;
			files = (
				EEDC22E61FBCE519004D62B7 /* TamberiOSTests.m in Sources */,
			);
			runOnlyForDeploymentPostprocessing = 0;
		};
/* End PBXSourcesBuildPhase section */

/* Begin PBXTargetDependency section */
		EEDC22E81FBCE697004D62B7 /* PBXTargetDependency */ = {
			isa = PBXTargetDependency;
			target = EEF8DE921EBB170F00CF4CB4 /* TamberiOS */;
			targetProxy = EEDC22E71FBCE697004D62B7 /* PBXContainerItemProxy */;
		};
/* End PBXTargetDependency section */

/* Begin XCBuildConfiguration section */
		EEAE1BAC1EB7FD13003F48D5 /* Debug */ = {
			isa = XCBuildConfiguration;
			buildSettings = {
				ALWAYS_SEARCH_USER_PATHS = NO;
				CLANG_ANALYZER_NONNULL = YES;
				CLANG_CXX_LANGUAGE_STANDARD = "gnu++0x";
				CLANG_CXX_LIBRARY = "libc++";
				CLANG_ENABLE_MODULES = YES;
				CLANG_ENABLE_OBJC_ARC = YES;
				CLANG_WARN_BLOCK_CAPTURE_AUTORELEASING = YES;
				CLANG_WARN_BOOL_CONVERSION = YES;
				CLANG_WARN_COMMA = YES;
				CLANG_WARN_CONSTANT_CONVERSION = YES;
				CLANG_WARN_DIRECT_OBJC_ISA_USAGE = YES_ERROR;
				CLANG_WARN_DOCUMENTATION_COMMENTS = YES;
				CLANG_WARN_EMPTY_BODY = YES;
				CLANG_WARN_ENUM_CONVERSION = YES;
				CLANG_WARN_INFINITE_RECURSION = YES;
				CLANG_WARN_INT_CONVERSION = YES;
				CLANG_WARN_NON_LITERAL_NULL_CONVERSION = YES;
				CLANG_WARN_OBJC_LITERAL_CONVERSION = YES;
				CLANG_WARN_OBJC_ROOT_CLASS = YES_ERROR;
				CLANG_WARN_RANGE_LOOP_ANALYSIS = YES;
				CLANG_WARN_STRICT_PROTOTYPES = YES;
				CLANG_WARN_SUSPICIOUS_MOVE = YES;
				CLANG_WARN_SUSPICIOUS_MOVES = YES;
				CLANG_WARN_UNREACHABLE_CODE = YES;
				CLANG_WARN__DUPLICATE_METHOD_MATCH = YES;
				CODE_SIGN_IDENTITY = "iPhone Developer";
				"CODE_SIGN_IDENTITY[sdk=iphoneos*]" = "iPhone Developer";
				COPY_PHASE_STRIP = NO;
				DEBUG_INFORMATION_FORMAT = dwarf;
				DEVELOPMENT_TEAM = X7P539N426;
				ENABLE_STRICT_OBJC_MSGSEND = YES;
				ENABLE_TESTABILITY = YES;
				GCC_C_LANGUAGE_STANDARD = gnu99;
				GCC_DYNAMIC_NO_PIC = NO;
				GCC_NO_COMMON_BLOCKS = YES;
				GCC_OPTIMIZATION_LEVEL = 0;
				GCC_PREPROCESSOR_DEFINITIONS = (
					"DEBUG=1",
					"$(inherited)",
				);
				GCC_WARN_64_TO_32_BIT_CONVERSION = YES;
				GCC_WARN_ABOUT_RETURN_TYPE = YES_ERROR;
				GCC_WARN_UNDECLARED_SELECTOR = YES;
				GCC_WARN_UNINITIALIZED_AUTOS = YES_AGGRESSIVE;
				GCC_WARN_UNUSED_FUNCTION = YES;
				GCC_WARN_UNUSED_VARIABLE = YES;
				INFOPLIST_FILE = Tamber/Info.plist;
				IPHONEOS_DEPLOYMENT_TARGET = 8.0;
				MTL_ENABLE_DEBUG_INFO = YES;
				ONLY_ACTIVE_ARCH = YES;
				SDKROOT = iphoneos;
			};
			name = Debug;
		};
		EEAE1BAD1EB7FD13003F48D5 /* Release */ = {
			isa = XCBuildConfiguration;
			buildSettings = {
				ALWAYS_SEARCH_USER_PATHS = NO;
				CLANG_ANALYZER_NONNULL = YES;
				CLANG_CXX_LANGUAGE_STANDARD = "gnu++0x";
				CLANG_CXX_LIBRARY = "libc++";
				CLANG_ENABLE_MODULES = YES;
				CLANG_ENABLE_OBJC_ARC = YES;
				CLANG_WARN_BLOCK_CAPTURE_AUTORELEASING = YES;
				CLANG_WARN_BOOL_CONVERSION = YES;
				CLANG_WARN_COMMA = YES;
				CLANG_WARN_CONSTANT_CONVERSION = YES;
				CLANG_WARN_DIRECT_OBJC_ISA_USAGE = YES_ERROR;
				CLANG_WARN_DOCUMENTATION_COMMENTS = YES;
				CLANG_WARN_EMPTY_BODY = YES;
				CLANG_WARN_ENUM_CONVERSION = YES;
				CLANG_WARN_INFINITE_RECURSION = YES;
				CLANG_WARN_INT_CONVERSION = YES;
				CLANG_WARN_NON_LITERAL_NULL_CONVERSION = YES;
				CLANG_WARN_OBJC_LITERAL_CONVERSION = YES;
				CLANG_WARN_OBJC_ROOT_CLASS = YES_ERROR;
				CLANG_WARN_RANGE_LOOP_ANALYSIS = YES;
				CLANG_WARN_STRICT_PROTOTYPES = YES;
				CLANG_WARN_SUSPICIOUS_MOVE = YES;
				CLANG_WARN_SUSPICIOUS_MOVES = YES;
				CLANG_WARN_UNREACHABLE_CODE = YES;
				CLANG_WARN__DUPLICATE_METHOD_MATCH = YES;
				CODE_SIGN_IDENTITY = "iPhone Distribution";
				"CODE_SIGN_IDENTITY[sdk=iphoneos*]" = "iPhone Distribution";
				COPY_PHASE_STRIP = NO;
				DEBUG_INFORMATION_FORMAT = "dwarf-with-dsym";
				DEVELOPMENT_TEAM = X7P539N426;
				ENABLE_NS_ASSERTIONS = NO;
				ENABLE_STRICT_OBJC_MSGSEND = YES;
				GCC_C_LANGUAGE_STANDARD = gnu99;
				GCC_NO_COMMON_BLOCKS = YES;
				GCC_WARN_64_TO_32_BIT_CONVERSION = YES;
				GCC_WARN_ABOUT_RETURN_TYPE = YES_ERROR;
				GCC_WARN_UNDECLARED_SELECTOR = YES;
				GCC_WARN_UNINITIALIZED_AUTOS = YES_AGGRESSIVE;
				GCC_WARN_UNUSED_FUNCTION = YES;
				GCC_WARN_UNUSED_VARIABLE = YES;
				INFOPLIST_FILE = Tamber/Info.plist;
				IPHONEOS_DEPLOYMENT_TARGET = 8.0;
				MTL_ENABLE_DEBUG_INFO = NO;
				SDKROOT = iphoneos;
				VALIDATE_PRODUCT = YES;
			};
			name = Release;
		};
		EEAE1BAF1EB7FD13003F48D5 /* Debug */ = {
			isa = XCBuildConfiguration;
			buildSettings = {
				DEVELOPMENT_TEAM = X7P539N426;
				OTHER_LDFLAGS = "-ObjC";
				PRODUCT_NAME = "$(TARGET_NAME)";
				SKIP_INSTALL = YES;
			};
			name = Debug;
		};
		EEAE1BB01EB7FD13003F48D5 /* Release */ = {
			isa = XCBuildConfiguration;
			buildSettings = {
				DEVELOPMENT_TEAM = X7P539N426;
				OTHER_LDFLAGS = "-ObjC";
				PRODUCT_NAME = "$(TARGET_NAME)";
				SKIP_INSTALL = YES;
			};
			name = Release;
		};
		EEF8DEA51EBB171000CF4CB4 /* Debug */ = {
			isa = XCBuildConfiguration;
			buildSettings = {
				CODE_SIGN_IDENTITY = "";
				CURRENT_PROJECT_VERSION = 1;
				DEFINES_MODULE = YES;
				DEVELOPMENT_TEAM = X7P539N426;
				DYLIB_COMPATIBILITY_VERSION = 1;
				DYLIB_CURRENT_VERSION = 1;
				DYLIB_INSTALL_NAME_BASE = "@rpath";
				INFOPLIST_FILE = Tamber/Info.plist;
				INSTALL_PATH = "$(LOCAL_LIBRARY_DIR)/Frameworks";
				LD_RUNPATH_SEARCH_PATHS = "$(inherited) @executable_path/Frameworks @loader_path/Frameworks";
				PRODUCT_BUNDLE_IDENTIFIER = com.tamber.TamberiOS;
				PRODUCT_NAME = Tamber;
				SKIP_INSTALL = YES;
				TARGETED_DEVICE_FAMILY = "1,2";
				VERSIONING_SYSTEM = "apple-generic";
				VERSION_INFO_PREFIX = "";
			};
			name = Debug;
		};
		EEF8DEA61EBB171000CF4CB4 /* Release */ = {
			isa = XCBuildConfiguration;
			buildSettings = {
				CODE_SIGN_IDENTITY = "";
				CURRENT_PROJECT_VERSION = 1;
				DEFINES_MODULE = YES;
				DEVELOPMENT_TEAM = X7P539N426;
				DYLIB_COMPATIBILITY_VERSION = 1;
				DYLIB_CURRENT_VERSION = 1;
				DYLIB_INSTALL_NAME_BASE = "@rpath";
				INFOPLIST_FILE = Tamber/Info.plist;
				INSTALL_PATH = "$(LOCAL_LIBRARY_DIR)/Frameworks";
				LD_RUNPATH_SEARCH_PATHS = "$(inherited) @executable_path/Frameworks @loader_path/Frameworks";
				PRODUCT_BUNDLE_IDENTIFIER = com.tamber.TamberiOS;
				PRODUCT_NAME = Tamber;
				SKIP_INSTALL = YES;
				TARGETED_DEVICE_FAMILY = "1,2";
				VERSIONING_SYSTEM = "apple-generic";
				VERSION_INFO_PREFIX = "";
			};
			name = Release;
		};
		EEF8DEA81EBB171000CF4CB4 /* Debug */ = {
			isa = XCBuildConfiguration;
			buildSettings = {
				CODE_SIGN_IDENTITY = "";
				"CODE_SIGN_IDENTITY[sdk=iphoneos*]" = "iPhone Developer";
				CODE_SIGN_STYLE = Automatic;
				DEVELOPMENT_TEAM = "";
				INFOPLIST_FILE = TamberiOSTests/Info.plist;
				LD_RUNPATH_SEARCH_PATHS = "$(inherited) @executable_path/Frameworks @loader_path/Frameworks";
				PRODUCT_BUNDLE_IDENTIFIER = com.tamber.TamberiOSTests;
				PRODUCT_NAME = "$(TARGET_NAME)";
				PROVISIONING_PROFILE_SPECIFIER = "";
			};
			name = Debug;
		};
		EEF8DEA91EBB171000CF4CB4 /* Release */ = {
			isa = XCBuildConfiguration;
			buildSettings = {
				CODE_SIGN_IDENTITY = "";
				"CODE_SIGN_IDENTITY[sdk=iphoneos*]" = "iPhone Developer";
				CODE_SIGN_STYLE = Automatic;
				DEVELOPMENT_TEAM = "";
				INFOPLIST_FILE = TamberiOSTests/Info.plist;
				LD_RUNPATH_SEARCH_PATHS = "$(inherited) @executable_path/Frameworks @loader_path/Frameworks";
				PRODUCT_BUNDLE_IDENTIFIER = com.tamber.TamberiOSTests;
				PRODUCT_NAME = "$(TARGET_NAME)";
				PROVISIONING_PROFILE_SPECIFIER = "";
			};
			name = Release;
		};
/* End XCBuildConfiguration section */

/* Begin XCConfigurationList section */
		EEAE1BA01EB7FD13003F48D5 /* Build configuration list for PBXProject "Tamber" */ = {
			isa = XCConfigurationList;
			buildConfigurations = (
				EEAE1BAC1EB7FD13003F48D5 /* Debug */,
				EEAE1BAD1EB7FD13003F48D5 /* Release */,
			);
			defaultConfigurationIsVisible = 0;
			defaultConfigurationName = Release;
		};
		EEAE1BAE1EB7FD13003F48D5 /* Build configuration list for PBXNativeTarget "Tamber" */ = {
			isa = XCConfigurationList;
			buildConfigurations = (
				EEAE1BAF1EB7FD13003F48D5 /* Debug */,
				EEAE1BB01EB7FD13003F48D5 /* Release */,
			);
			defaultConfigurationIsVisible = 0;
			defaultConfigurationName = Release;
		};
		EEF8DEA41EBB171000CF4CB4 /* Build configuration list for PBXNativeTarget "TamberiOS" */ = {
			isa = XCConfigurationList;
			buildConfigurations = (
				EEF8DEA51EBB171000CF4CB4 /* Debug */,
				EEF8DEA61EBB171000CF4CB4 /* Release */,
			);
			defaultConfigurationIsVisible = 0;
			defaultConfigurationName = Release;
		};
		EEF8DEA71EBB171000CF4CB4 /* Build configuration list for PBXNativeTarget "TamberiOSTests" */ = {
			isa = XCConfigurationList;
			buildConfigurations = (
				EEF8DEA81EBB171000CF4CB4 /* Debug */,
				EEF8DEA91EBB171000CF4CB4 /* Release */,
			);
			defaultConfigurationIsVisible = 0;
			defaultConfigurationName = Release;
		};
/* End XCConfigurationList section */
	};
	rootObject = EEAE1B9D1EB7FD13003F48D5 /* Project object */;
}
